
Microsoft Visual Studio Solution File, Format Version 12.00
# Visual Studio Version 17
VisualStudioVersion = 17.14.36623.8
MinimumVisualStudioVersion = 10.0.40219.1
Project("{FAE04EC0-301F-11D3-BF4B-00C04F79EFBC}") = "AuthService", "AuthService\AuthService.csproj", "{FCA80050-7A0A-4412-9418-E6A24B6ED2A7}"
EndProject
Project("{2150E333-8FDC-42A3-9474-1A3956D46DE8}") = "Solution Items", "Solution Items", "{02EA681E-C7D8-13C7-8484-4AC65E1B71E8}"
	ProjectSection(SolutionItems) = preProject
		.editorconfig = .editorconfig
	EndProjectSection
EndProject
Project("{FAE04EC0-301F-11D3-BF4B-00C04F79EFBC}") = "UserService", "UserService\UserService.csproj", "{EB7289E7-479F-4AE8-A316-809B628F7FB2}"
EndProject
Project("{FAE04EC0-301F-11D3-BF4B-00C04F79EFBC}") = "DocumentService", "DocumentService\DocumentService.csproj", "{5B18D0B6-0E38-4B66-B1F0-01461810B624}"
EndProject
Project("{FAE04EC0-301F-11D3-BF4B-00C04F79EFBC}") = "AIService", "AIService\AIService.csproj", "{B09AA275-33E5-4AB9-B18E-F404174B364F}"
EndProject
Project("{FAE04EC0-301F-11D3-BF4B-00C04F79EFBC}") = "ApiGateway", "ApiGateway\ApiGateway.csproj", "{8F082E19-7D63-4B4A-B6BE-8913AD66605C}"
EndProject
Project("{FAE04EC0-301F-11D3-BF4B-00C04F79EFBC}") = "SearchService", "SearchService\SearchService.csproj", "{23768D26-2D21-4872-8962-F5731D2688FC}"
EndProject
Global
	GlobalSection(SolutionConfigurationPlatforms) = preSolution
		Debug|Any CPU = Debug|Any CPU
		Release|Any CPU = Release|Any CPU
	EndGlobalSection
	GlobalSection(ProjectConfigurationPlatforms) = postSolution
		{FCA80050-7A0A-4412-9418-E6A24B6ED2A7}.Debug|Any CPU.ActiveCfg = Debug|Any CPU
		{FCA80050-7A0A-4412-9418-E6A24B6ED2A7}.Debug|Any CPU.Build.0 = Debug|Any CPU
		{FCA80050-7A0A-4412-9418-E6A24B6ED2A7}.Release|Any CPU.ActiveCfg = Release|Any CPU
		{FCA80050-7A0A-4412-9418-E6A24B6ED2A7}.Release|Any CPU.Build.0 = Release|Any CPU
		{EB7289E7-479F-4AE8-A316-809B628F7FB2}.Debug|Any CPU.ActiveCfg = Debug|Any CPU
		{EB7289E7-479F-4AE8-A316-809B628F7FB2}.Debug|Any CPU.Build.0 = Debug|Any CPU
		{EB7289E7-479F-4AE8-A316-809B628F7FB2}.Release|Any CPU.ActiveCfg = Release|Any CPU
		{EB7289E7-479F-4AE8-A316-809B628F7FB2}.Release|Any CPU.Build.0 = Release|Any CPU
		{5B18D0B6-0E38-4B66-B1F0-01461810B624}.Debug|Any CPU.ActiveCfg = Debug|Any CPU
		{5B18D0B6-0E38-4B66-B1F0-01461810B624}.Debug|Any CPU.Build.0 = Debug|Any CPU
		{5B18D0B6-0E38-4B66-B1F0-01461810B624}.Release|Any CPU.ActiveCfg = Release|Any CPU
		{5B18D0B6-0E38-4B66-B1F0-01461810B624}.Release|Any CPU.Build.0 = Release|Any CPU
		{B09AA275-33E5-4AB9-B18E-F404174B364F}.Debug|Any CPU.ActiveCfg = Debug|Any CPU
		{B09AA275-33E5-4AB9-B18E-F404174B364F}.Debug|Any CPU.Build.0 = Debug|Any CPU
		{B09AA275-33E5-4AB9-B18E-F404174B364F}.Release|Any CPU.ActiveCfg = Release|Any CPU
		{B09AA275-33E5-4AB9-B18E-F404174B364F}.Release|Any CPU.Build.0 = Release|Any CPU
		{8F082E19-7D63-4B4A-B6BE-8913AD66605C}.Debug|Any CPU.ActiveCfg = Debug|Any CPU
		{8F082E19-7D63-4B4A-B6BE-8913AD66605C}.Debug|Any CPU.Build.0 = Debug|Any CPU
		{8F082E19-7D63-4B4A-B6BE-8913AD66605C}.Release|Any CPU.ActiveCfg = Release|Any CPU
		{8F082E19-7D63-4B4A-B6BE-8913AD66605C}.Release|Any CPU.Build.0 = Release|Any CPU
		{23768D26-2D21-4872-8962-F5731D2688FC}.Debug|Any CPU.ActiveCfg = Debug|Any CPU
		{23768D26-2D21-4872-8962-F5731D2688FC}.Debug|Any CPU.Build.0 = Debug|Any CPU
		{23768D26-2D21-4872-8962-F5731D2688FC}.Release|Any CPU.ActiveCfg = Release|Any CPU
		{23768D26-2D21-4872-8962-F5731D2688FC}.Release|Any CPU.Build.0 = Release|Any CPU
	EndGlobalSection
	GlobalSection(SolutionProperties) = preSolution
		HideSolutionNode = FALSE
	EndGlobalSection
	GlobalSection(ExtensibilityGlobals) = postSolution
		SolutionGuid = {D2EB20EF-2CD6-4025-8E07-D6B0837B8EEA}
	EndGlobalSection
EndGlobal
